# This file is automatically @generated by Poetry 1.8.3 and should not be changed by hand.

[[package]]
name = "backports-ssl-match-hostname"
version = "3.7.0.1"
description = "The ssl.match_hostname() function from Python 3.5"
optional = false
python-versions = "*"
files = [
    {file = "backports.ssl_match_hostname-3.7.0.1.tar.gz", hash = "sha256:bb82e60f9fbf4c080eabd957c39f0641f0fc247d9a16e31e26d594d8f42b9fd2"},
]

[[package]]
name = "backports-weakref"
version = "1.0.post1"
description = "Backport of new features in Python's weakref module"
optional = false
python-versions = "*"
files = [
    {file = "backports.weakref-1.0.post1-py2.py3-none-any.whl", hash = "sha256:81bc9b51c0abc58edc76aefbbc68c62a787918ffe943a37947e162c3f8e19e82"},
    {file = "backports.weakref-1.0.post1.tar.gz", hash = "sha256:bc4170a29915f8b22c9e7c4939701859650f2eb84184aee80da329ac0b9825c2"},
]

[[package]]
name = "msgpack-python"
version = "0.5.6"
description = "MessagePack (de)serializer."
optional = false
python-versions = "*"
files = [
    {file = "msgpack-python-0.5.6.tar.gz", hash = "sha256:378cc8a6d3545b532dfd149da715abae4fda2a3adb6d74e525d0d5e51f46909b"},
]

[[package]]
name = "msgpack-rpc-python"
version = "0.4.1"
description = "MessagePack RPC"
optional = false
python-versions = "*"
files = [
    {file = "msgpack-rpc-python-0.4.1.tar.gz", hash = "sha256:ba7188129f2ba95fb9731f906aa82a5abd5827dd54ecfc715008f5ce2314535f"},
]

[package.dependencies]
msgpack-python = "*"
tornado = ">=3,<5"

[[package]]
name = "tornado"
version = "4.5.3"
description = "Tornado is a Python web framework and asynchronous networking library, originally developed at FriendFeed."
optional = false
python-versions = "*"
files = [
    {file = "tornado-4.5.3-cp35-cp35m-win32.whl", hash = "sha256:92b7ca81e18ba9ec3031a7ee73d4577ac21d41a0c9b775a9182f43301c3b5f8e"},
    {file = "tornado-4.5.3-cp35-cp35m-win_amd64.whl", hash = "sha256:b36298e9f63f18cad97378db2222c0e0ca6a55f6304e605515e05a25483ed51a"},
    {file = "tornado-4.5.3-cp36-cp36m-win32.whl", hash = "sha256:ab587996fe6fb9ce65abfda440f9b61e4f9f2cf921967723540679176915e4c3"},
    {file = "tornado-4.5.3-cp36-cp36m-win_amd64.whl", hash = "sha256:5ef073ac6180038ccf99411fe05ae9aafb675952a2c8db60592d5daf8401f803"},
    {file = "tornado-4.5.3.tar.gz", hash = "sha256:6d14e47eab0e15799cf3cdcc86b0b98279da68522caace2bd7ce644287685f0a"},
]

[metadata]
lock-version = "2.0"
python-versions = "^3.12"
content-hash = "338f445f7fa4a6698db7450fc53d4c2d478ca26ef8b93e3808f667aa2d62ecd5"
